
Microsoft Visual Studio Solution File, Format Version 12.00
# Visual Studio Version 16
VisualStudioVersion = 16.0.29709.97
MinimumVisualStudioVersion = 10.0.40219.1
Project("{8BC9CEB8-8B4A-11D0-8D11-00A0C91BC942}") = "NumberPuzzle", "NumberPuzzle\NumberPuzzle.vcxproj", "{48C5CFBC-721E-4C12-B293-010C2B33D0DA}"
EndProject
Global
	GlobalSection(SolutionConfigurationPlatforms) = preSolution
		Debug|x64 = Debug|x64
		Debug|x86 = Debug|x86
		Release|x64 = Release|x64
		Release|x86 = Release|x86
	EndGlobalSection
	GlobalSection(ProjectConfigurationPlatforms) = postSolution
		{48C5CFBC-721E-4C12-B293-010C2B33D0DA}.Debug|x64.ActiveCfg = Debug|x64
		{48C5CFBC-721E-4C12-B293-010C2B33D0DA}.Debug|x64.Build.0 = Debug|x64
		{48C5CFBC-721E-4C12-B293-010C2B33D0DA}.Debug|x86.ActiveCfg = Debug|Win32
		{48C5CFBC-721E-4C12-B293-010C2B33D0DA}.Debug|x86.Build.0 = Debug|Win32
		{48C5CFBC-721E-4C12-B293-010C2B33D0DA}.Release|x64.ActiveCfg = Release|x64
		{48C5CFBC-721E-4C12-B293-010C2B33D0DA}.Release|x64.Build.0 = Release|x64
		{48C5CFBC-721E-4C12-B293-010C2B33D0DA}.Release|x86.ActiveCfg = Release|Win32
		{48C5CFBC-721E-4C12-B293-010C2B33D0DA}.Release|x86.Build.0 = Release|Win32
	EndGlobalSection
	GlobalSection(SolutionProperties) = preSolution
		HideSolutionNode = FALSE
	EndGlobalSection
	GlobalSection(ExtensibilityGlobals) = postSolution
		SolutionGuid = {E0046EEA-1E52-47D5-AEC5-DFBB71C256DC}
	EndGlobalSection
EndGlobal
